
Microsoft Visual Studio Solution File, Format Version 12.00
# Visual Studio Version 17
VisualStudioVersion = 17.2.32602.215
MinimumVisualStudioVersion = 10.0.40219.1
Project("{9A19103F-16F7-4668-BE54-9A1E7A4F7556}") = "vac-seen-getter", "vac-seen-getter.csproj", "{2A4C6D8C-23A7-4C7F-9E81-EF061F6C9915}"
EndProject
Global
	GlobalSection(SolutionConfigurationPlatforms) = preSolution
		Debug|Any CPU = Debug|Any CPU
		Release|Any CPU = Release|Any CPU
	EndGlobalSection
	GlobalSection(ProjectConfigurationPlatforms) = postSolution
		{2A4C6D8C-23A7-4C7F-9E81-EF061F6C9915}.Debug|Any CPU.ActiveCfg = Debug|Any CPU
		{2A4C6D8C-23A7-4C7F-9E81-EF061F6C9915}.Debug|Any CPU.Build.0 = Debug|Any CPU
		{2A4C6D8C-23A7-4C7F-9E81-EF061F6C9915}.Release|Any CPU.ActiveCfg = Release|Any CPU
		{2A4C6D8C-23A7-4C7F-9E81-EF061F6C9915}.Release|Any CPU.Build.0 = Release|Any CPU
	EndGlobalSection
	GlobalSection(SolutionProperties) = preSolution
		HideSolutionNode = FALSE
	EndGlobalSection
	GlobalSection(ExtensibilityGlobals) = postSolution
		SolutionGuid = {743CE0D7-9930-424E-89B3-D54979B8D9ED}
	EndGlobalSection
EndGlobal
